
Microsoft Visual Studio Solution File, Format Version 12.00
# Visual Studio Version 17
VisualStudioVersion = 17.3.32929.385
MinimumVisualStudioVersion = 10.0.40219.1
Project("{9A19103F-16F7-4668-BE54-9A1E7A4F7556}") = "ECOM.Template.API", "ECOM.Template.API\ECOM.Template.API.csproj", "{B9EB3744-A4C6-45F2-A7CD-05A3D79E37E8}"
EndProject
Project("{2150E333-8FDC-42A3-9474-1A3956D46DE8}") = "src", "src", "{4B755632-638A-4B92-A26B-E134FE6DB6C7}"
EndProject
Project("{2150E333-8FDC-42A3-9474-1A3956D46DE8}") = "Application", "Application", "{C35D2293-0A16-49D6-ADDA-4240DAAE92F7}"
EndProject
Project("{2150E333-8FDC-42A3-9474-1A3956D46DE8}") = "Domain", "Domain", "{CEC30DEA-887D-4F06-A2D0-D4F41B5BC6D6}"
EndProject
Project("{9A19103F-16F7-4668-BE54-9A1E7A4F7556}") = "ECOM.Template.Models", "ECOM.Template.Models\ECOM.Template.Models.csproj", "{F6BB88F0-4DA4-41E5-8521-DFF32D22BD47}"
EndProject
Project("{2150E333-8FDC-42A3-9474-1A3956D46DE8}") = "Infrastructure", "Infrastructure", "{6C40263B-1C02-4242-AD2E-80139111D4DD}"
EndProject
Project("{2150E333-8FDC-42A3-9474-1A3956D46DE8}") = "Services", "Services", "{3EB398DB-6D5F-4563-8044-E3277C19176A}"
EndProject
Project("{9A19103F-16F7-4668-BE54-9A1E7A4F7556}") = "ECOM.Template.Services", "ECOM.Template.Services\ECOM.Template.Services.csproj", "{C12A7D03-1D3F-4217-8C2D-60A593302F30}"
EndProject
Project("{2150E333-8FDC-42A3-9474-1A3956D46DE8}") = "Models", "Models", "{3ED88F38-55FB-4DA3-9B57-C7D526D6A452}"
EndProject
Project("{2150E333-8FDC-42A3-9474-1A3956D46DE8}") = "UserCases", "UserCases", "{64B03DF2-48BF-4FA5-91C6-D235A2C2106B}"
EndProject
Project("{9A19103F-16F7-4668-BE54-9A1E7A4F7556}") = "ECOM.Template.UserCases", "ECOM.Template.UserCases\ECOM.Template.UserCases.csproj", "{D10B97B0-2BD4-43FA-A59A-C8988ECD831F}"
EndProject
Project("{9A19103F-16F7-4668-BE54-9A1E7A4F7556}") = "ECOM.Template.MinAPI", "ECOM.Template.MinAPI\ECOM.Template.MinAPI.csproj", "{552CE368-0B94-47ED-8BED-210B50684EB8}"
EndProject
Project("{2150E333-8FDC-42A3-9474-1A3956D46DE8}") = "DataBase", "DataBase", "{9C438188-758D-4691-82E9-6D8DFEF6495A}"
EndProject
Project("{FAE04EC0-301F-11D3-BF4B-00C04F79EFBC}") = "ECOM.Template.DataBase", "ECOM.Template.DataBase\ECOM.Template.DataBase.csproj", "{4D27CBC0-599B-477C-9029-33DF690F4523}"
EndProject
Global
	GlobalSection(SolutionConfigurationPlatforms) = preSolution
		Debug|Any CPU = Debug|Any CPU
		Release|Any CPU = Release|Any CPU
	EndGlobalSection
	GlobalSection(ProjectConfigurationPlatforms) = postSolution
		{B9EB3744-A4C6-45F2-A7CD-05A3D79E37E8}.Debug|Any CPU.ActiveCfg = Debug|Any CPU
		{B9EB3744-A4C6-45F2-A7CD-05A3D79E37E8}.Debug|Any CPU.Build.0 = Debug|Any CPU
		{B9EB3744-A4C6-45F2-A7CD-05A3D79E37E8}.Release|Any CPU.ActiveCfg = Release|Any CPU
		{B9EB3744-A4C6-45F2-A7CD-05A3D79E37E8}.Release|Any CPU.Build.0 = Release|Any CPU
		{F6BB88F0-4DA4-41E5-8521-DFF32D22BD47}.Debug|Any CPU.ActiveCfg = Debug|Any CPU
		{F6BB88F0-4DA4-41E5-8521-DFF32D22BD47}.Debug|Any CPU.Build.0 = Debug|Any CPU
		{F6BB88F0-4DA4-41E5-8521-DFF32D22BD47}.Release|Any CPU.ActiveCfg = Release|Any CPU
		{F6BB88F0-4DA4-41E5-8521-DFF32D22BD47}.Release|Any CPU.Build.0 = Release|Any CPU
		{C12A7D03-1D3F-4217-8C2D-60A593302F30}.Debug|Any CPU.ActiveCfg = Debug|Any CPU
		{C12A7D03-1D3F-4217-8C2D-60A593302F30}.Debug|Any CPU.Build.0 = Debug|Any CPU
		{C12A7D03-1D3F-4217-8C2D-60A593302F30}.Release|Any CPU.ActiveCfg = Release|Any CPU
		{C12A7D03-1D3F-4217-8C2D-60A593302F30}.Release|Any CPU.Build.0 = Release|Any CPU
		{D10B97B0-2BD4-43FA-A59A-C8988ECD831F}.Debug|Any CPU.ActiveCfg = Debug|Any CPU
		{D10B97B0-2BD4-43FA-A59A-C8988ECD831F}.Debug|Any CPU.Build.0 = Debug|Any CPU
		{D10B97B0-2BD4-43FA-A59A-C8988ECD831F}.Release|Any CPU.ActiveCfg = Release|Any CPU
		{D10B97B0-2BD4-43FA-A59A-C8988ECD831F}.Release|Any CPU.Build.0 = Release|Any CPU
		{552CE368-0B94-47ED-8BED-210B50684EB8}.Debug|Any CPU.ActiveCfg = Debug|Any CPU
		{552CE368-0B94-47ED-8BED-210B50684EB8}.Debug|Any CPU.Build.0 = Debug|Any CPU
		{552CE368-0B94-47ED-8BED-210B50684EB8}.Release|Any CPU.ActiveCfg = Release|Any CPU
		{552CE368-0B94-47ED-8BED-210B50684EB8}.Release|Any CPU.Build.0 = Release|Any CPU
		{4D27CBC0-599B-477C-9029-33DF690F4523}.Debug|Any CPU.ActiveCfg = Debug|Any CPU
		{4D27CBC0-599B-477C-9029-33DF690F4523}.Debug|Any CPU.Build.0 = Debug|Any CPU
		{4D27CBC0-599B-477C-9029-33DF690F4523}.Release|Any CPU.ActiveCfg = Release|Any CPU
		{4D27CBC0-599B-477C-9029-33DF690F4523}.Release|Any CPU.Build.0 = Release|Any CPU
	EndGlobalSection
	GlobalSection(SolutionProperties) = preSolution
		HideSolutionNode = FALSE
	EndGlobalSection
	GlobalSection(NestedProjects) = preSolution
		{B9EB3744-A4C6-45F2-A7CD-05A3D79E37E8} = {C35D2293-0A16-49D6-ADDA-4240DAAE92F7}
		{C35D2293-0A16-49D6-ADDA-4240DAAE92F7} = {4B755632-638A-4B92-A26B-E134FE6DB6C7}
		{CEC30DEA-887D-4F06-A2D0-D4F41B5BC6D6} = {4B755632-638A-4B92-A26B-E134FE6DB6C7}
		{F6BB88F0-4DA4-41E5-8521-DFF32D22BD47} = {3ED88F38-55FB-4DA3-9B57-C7D526D6A452}
		{6C40263B-1C02-4242-AD2E-80139111D4DD} = {4B755632-638A-4B92-A26B-E134FE6DB6C7}
		{3EB398DB-6D5F-4563-8044-E3277C19176A} = {6C40263B-1C02-4242-AD2E-80139111D4DD}
		{C12A7D03-1D3F-4217-8C2D-60A593302F30} = {3EB398DB-6D5F-4563-8044-E3277C19176A}
		{3ED88F38-55FB-4DA3-9B57-C7D526D6A452} = {CEC30DEA-887D-4F06-A2D0-D4F41B5BC6D6}
		{64B03DF2-48BF-4FA5-91C6-D235A2C2106B} = {CEC30DEA-887D-4F06-A2D0-D4F41B5BC6D6}
		{D10B97B0-2BD4-43FA-A59A-C8988ECD831F} = {64B03DF2-48BF-4FA5-91C6-D235A2C2106B}
		{552CE368-0B94-47ED-8BED-210B50684EB8} = {C35D2293-0A16-49D6-ADDA-4240DAAE92F7}
		{9C438188-758D-4691-82E9-6D8DFEF6495A} = {6C40263B-1C02-4242-AD2E-80139111D4DD}
		{4D27CBC0-599B-477C-9029-33DF690F4523} = {9C438188-758D-4691-82E9-6D8DFEF6495A}
	EndGlobalSection
	GlobalSection(ExtensibilityGlobals) = postSolution
		SolutionGuid = {B7C37B4B-55CC-4A70-8893-395832A84B98}
	EndGlobalSection
EndGlobal
